
Microsoft Visual Studio Solution File, Format Version 12.00
# Visual Studio Version 17
VisualStudioVersion = 17.4.33213.308
MinimumVisualStudioVersion = 10.0.40219.1
Project("{FAE04EC0-301F-11D3-BF4B-00C04F79EFBC}") = "EventHendler", "EventHendler\EventHendler.csproj", "{D9ADF8C9-CF44-41C4-B4EF-1903A0F2997C}"
EndProject
Global
	GlobalSection(SolutionConfigurationPlatforms) = preSolution
		Debug|Any CPU = Debug|Any CPU
		Release|Any CPU = Release|Any CPU
	EndGlobalSection
	GlobalSection(ProjectConfigurationPlatforms) = postSolution
		{D9ADF8C9-CF44-41C4-B4EF-1903A0F2997C}.Debug|Any CPU.ActiveCfg = Debug|Any CPU
		{D9ADF8C9-CF44-41C4-B4EF-1903A0F2997C}.Debug|Any CPU.Build.0 = Debug|Any CPU
		{D9ADF8C9-CF44-41C4-B4EF-1903A0F2997C}.Release|Any CPU.ActiveCfg = Release|Any CPU
		{D9ADF8C9-CF44-41C4-B4EF-1903A0F2997C}.Release|Any CPU.Build.0 = Release|Any CPU
	EndGlobalSection
	GlobalSection(SolutionProperties) = preSolution
		HideSolutionNode = FALSE
	EndGlobalSection
	GlobalSection(ExtensibilityGlobals) = postSolution
		SolutionGuid = {BD42117C-5300-4B39-891A-09C641D1D82C}
	EndGlobalSection
EndGlobal
