
Microsoft Visual Studio Solution File, Format Version 12.00
# Visual Studio Version 17
VisualStudioVersion = 17.4.33213.308
MinimumVisualStudioVersion = 10.0.40219.1
Project("{FAE04EC0-301F-11D3-BF4B-00C04F79EFBC}") = "NInjectDI", "NInjectDI\NInjectDI.csproj", "{F5264628-0121-449E-90F5-27E758EDBE0A}"
EndProject
Global
	GlobalSection(SolutionConfigurationPlatforms) = preSolution
		Debug|Any CPU = Debug|Any CPU
		Release|Any CPU = Release|Any CPU
	EndGlobalSection
	GlobalSection(ProjectConfigurationPlatforms) = postSolution
		{F5264628-0121-449E-90F5-27E758EDBE0A}.Debug|Any CPU.ActiveCfg = Debug|Any CPU
		{F5264628-0121-449E-90F5-27E758EDBE0A}.Debug|Any CPU.Build.0 = Debug|Any CPU
		{F5264628-0121-449E-90F5-27E758EDBE0A}.Release|Any CPU.ActiveCfg = Release|Any CPU
		{F5264628-0121-449E-90F5-27E758EDBE0A}.Release|Any CPU.Build.0 = Release|Any CPU
	EndGlobalSection
	GlobalSection(SolutionProperties) = preSolution
		HideSolutionNode = FALSE
	EndGlobalSection
	GlobalSection(ExtensibilityGlobals) = postSolution
		SolutionGuid = {4066A24A-B0CC-4B02-B9A8-9D34DD3CFB0A}
	EndGlobalSection
EndGlobal
