
Microsoft Visual Studio Solution File, Format Version 12.00
# Visual Studio Version 17
VisualStudioVersion = 17.4.33213.308
MinimumVisualStudioVersion = 10.0.40219.1
Project("{9A19103F-16F7-4668-BE54-9A1E7A4F7556}") = "Serialaze", "ApplicationWithOOP\Serialaze.csproj", "{9AE42CAF-A5DC-4524-87DB-1F28329DFB57}"
EndProject
Global
	GlobalSection(SolutionConfigurationPlatforms) = preSolution
		Debug|Any CPU = Debug|Any CPU
		Release|Any CPU = Release|Any CPU
	EndGlobalSection
	GlobalSection(ProjectConfigurationPlatforms) = postSolution
		{9AE42CAF-A5DC-4524-87DB-1F28329DFB57}.Debug|Any CPU.ActiveCfg = Debug|Any CPU
		{9AE42CAF-A5DC-4524-87DB-1F28329DFB57}.Debug|Any CPU.Build.0 = Debug|Any CPU
		{9AE42CAF-A5DC-4524-87DB-1F28329DFB57}.Release|Any CPU.ActiveCfg = Release|Any CPU
		{9AE42CAF-A5DC-4524-87DB-1F28329DFB57}.Release|Any CPU.Build.0 = Release|Any CPU
	EndGlobalSection
	GlobalSection(SolutionProperties) = preSolution
		HideSolutionNode = FALSE
	EndGlobalSection
	GlobalSection(ExtensibilityGlobals) = postSolution
		SolutionGuid = {DBEF7B54-6DC0-4E82-84E0-BF45BEA4A798}
	EndGlobalSection
EndGlobal
